
Microsoft Visual Studio Solution File, Format Version 12.00
# Visual Studio Version 17
VisualStudioVersion = 17.13.35828.75
MinimumVisualStudioVersion = 10.0.40219.1
Project("{8BC9CEB8-8B4A-11D0-8D11-00A0C91BC942}") = "Assignment0401", "Assignment01\Assignment01.vcxproj", "{54252A21-E052-4A5B-833C-4B5264423440}"
EndProject
Project("{8BC9CEB8-8B4A-11D0-8D11-00A0C91BC942}") = "Assignment0402", "Assignment0402\Assignment0402.vcxproj", "{B3939B35-768C-41F3-A3D5-12A59D12FB70}"
EndProject
Project("{8BC9CEB8-8B4A-11D0-8D11-00A0C91BC942}") = "Assignment0403", "Assignment0403\Assignment0403.vcxproj", "{37354BCC-6704-4789-AB11-DD003A3CEA86}"
EndProject
Project("{8BC9CEB8-8B4A-11D0-8D11-00A0C91BC942}") = "Assignment0404", "Assignment0404\Assignment0404.vcxproj", "{F6DA3709-9DBC-4B42-8DA7-F0E2E46B53FB}"
EndProject
Project("{8BC9CEB8-8B4A-11D0-8D11-00A0C91BC942}") = "Assignment0405", "Assignment0405\Assignment0405.vcxproj", "{D2BAFE2D-FE57-4858-92B7-8CF13737255A}"
EndProject
Project("{8BC9CEB8-8B4A-11D0-8D11-00A0C91BC942}") = "Assignment0406", "Assignment0406\Assignment0406.vcxproj", "{6C34DC92-6CA4-43DF-9FCA-AB696B202277}"
EndProject
Project("{8BC9CEB8-8B4A-11D0-8D11-00A0C91BC942}") = "Assignment0407", "Assignment0407\Assignment0407.vcxproj", "{C29F941A-1EDC-4B95-8FD5-26206BFD1A11}"
EndProject
Project("{8BC9CEB8-8B4A-11D0-8D11-00A0C91BC942}") = "Assignment0408", "Assignment0408\Assignment0408.vcxproj", "{7696D1E3-0815-4CD5-A3FF-A0C78B32A36A}"
EndProject
Project("{8BC9CEB8-8B4A-11D0-8D11-00A0C91BC942}") = "Assignment0409", "Assignment0409\Assignment0409.vcxproj", "{055D9DD5-707E-4D7D-AFBC-DF65111E99D4}"
EndProject
Project("{8BC9CEB8-8B4A-11D0-8D11-00A0C91BC942}") = "Assignment0410", "Assignment0410\Assignment0410.vcxproj", "{8A772A60-B7F7-4C50-9C19-42FCFF29B090}"
EndProject
Project("{8BC9CEB8-8B4A-11D0-8D11-00A0C91BC942}") = "Assignment0415", "Assignment0415\Assignment0415.vcxproj", "{0C34E533-3BE6-4AFB-8B5A-67712184DA64}"
EndProject
Project("{8BC9CEB8-8B4A-11D0-8D11-00A0C91BC942}") = "Assignment0416", "Assignment0416\Assignment0416.vcxproj", "{AE7CD40D-4B5E-4338-9F8A-AE129921F014}"
EndProject
Project("{8BC9CEB8-8B4A-11D0-8D11-00A0C91BC942}") = "Assignment0417", "Assignment0417\Assignment0417.vcxproj", "{69EF6314-DBBF-4144-836B-F72EC55B892C}"
EndProject
Global
	GlobalSection(SolutionConfigurationPlatforms) = preSolution
		Debug|x64 = Debug|x64
		Debug|x86 = Debug|x86
		Release|x64 = Release|x64
		Release|x86 = Release|x86
	EndGlobalSection
	GlobalSection(ProjectConfigurationPlatforms) = postSolution
		{54252A21-E052-4A5B-833C-4B5264423440}.Debug|x64.ActiveCfg = Debug|x64
		{54252A21-E052-4A5B-833C-4B5264423440}.Debug|x64.Build.0 = Debug|x64
		{54252A21-E052-4A5B-833C-4B5264423440}.Debug|x86.ActiveCfg = Debug|Win32
		{54252A21-E052-4A5B-833C-4B5264423440}.Debug|x86.Build.0 = Debug|Win32
		{54252A21-E052-4A5B-833C-4B5264423440}.Release|x64.ActiveCfg = Release|x64
		{54252A21-E052-4A5B-833C-4B5264423440}.Release|x64.Build.0 = Release|x64
		{54252A21-E052-4A5B-833C-4B5264423440}.Release|x86.ActiveCfg = Release|Win32
		{54252A21-E052-4A5B-833C-4B5264423440}.Release|x86.Build.0 = Release|Win32
		{B3939B35-768C-41F3-A3D5-12A59D12FB70}.Debug|x64.ActiveCfg = Debug|x64
		{B3939B35-768C-41F3-A3D5-12A59D12FB70}.Debug|x64.Build.0 = Debug|x64
		{B3939B35-768C-41F3-A3D5-12A59D12FB70}.Debug|x86.ActiveCfg = Debug|Win32
		{B3939B35-768C-41F3-A3D5-12A59D12FB70}.Debug|x86.Build.0 = Debug|Win32
		{B3939B35-768C-41F3-A3D5-12A59D12FB70}.Release|x64.ActiveCfg = Release|x64
		{B3939B35-768C-41F3-A3D5-12A59D12FB70}.Release|x64.Build.0 = Release|x64
		{B3939B35-768C-41F3-A3D5-12A59D12FB70}.Release|x86.ActiveCfg = Release|Win32
		{B3939B35-768C-41F3-A3D5-12A59D12FB70}.Release|x86.Build.0 = Release|Win32
		{37354BCC-6704-4789-AB11-DD003A3CEA86}.Debug|x64.ActiveCfg = Debug|x64
		{37354BCC-6704-4789-AB11-DD003A3CEA86}.Debug|x64.Build.0 = Debug|x64
		{37354BCC-6704-4789-AB11-DD003A3CEA86}.Debug|x86.ActiveCfg = Debug|Win32
		{37354BCC-6704-4789-AB11-DD003A3CEA86}.Debug|x86.Build.0 = Debug|Win32
		{37354BCC-6704-4789-AB11-DD003A3CEA86}.Release|x64.ActiveCfg = Release|x64
		{37354BCC-6704-4789-AB11-DD003A3CEA86}.Release|x64.Build.0 = Release|x64
		{37354BCC-6704-4789-AB11-DD003A3CEA86}.Release|x86.ActiveCfg = Release|Win32
		{37354BCC-6704-4789-AB11-DD003A3CEA86}.Release|x86.Build.0 = Release|Win32
		{F6DA3709-9DBC-4B42-8DA7-F0E2E46B53FB}.Debug|x64.ActiveCfg = Debug|x64
		{F6DA3709-9DBC-4B42-8DA7-F0E2E46B53FB}.Debug|x64.Build.0 = Debug|x64
		{F6DA3709-9DBC-4B42-8DA7-F0E2E46B53FB}.Debug|x86.ActiveCfg = Debug|Win32
		{F6DA3709-9DBC-4B42-8DA7-F0E2E46B53FB}.Debug|x86.Build.0 = Debug|Win32
		{F6DA3709-9DBC-4B42-8DA7-F0E2E46B53FB}.Release|x64.ActiveCfg = Release|x64
		{F6DA3709-9DBC-4B42-8DA7-F0E2E46B53FB}.Release|x64.Build.0 = Release|x64
		{F6DA3709-9DBC-4B42-8DA7-F0E2E46B53FB}.Release|x86.ActiveCfg = Release|Win32
		{F6DA3709-9DBC-4B42-8DA7-F0E2E46B53FB}.Release|x86.Build.0 = Release|Win32
		{D2BAFE2D-FE57-4858-92B7-8CF13737255A}.Debug|x64.ActiveCfg = Debug|x64
		{D2BAFE2D-FE57-4858-92B7-8CF13737255A}.Debug|x64.Build.0 = Debug|x64
		{D2BAFE2D-FE57-4858-92B7-8CF13737255A}.Debug|x86.ActiveCfg = Debug|Win32
		{D2BAFE2D-FE57-4858-92B7-8CF13737255A}.Debug|x86.Build.0 = Debug|Win32
		{D2BAFE2D-FE57-4858-92B7-8CF13737255A}.Release|x64.ActiveCfg = Release|x64
		{D2BAFE2D-FE57-4858-92B7-8CF13737255A}.Release|x64.Build.0 = Release|x64
		{D2BAFE2D-FE57-4858-92B7-8CF13737255A}.Release|x86.ActiveCfg = Release|Win32
		{D2BAFE2D-FE57-4858-92B7-8CF13737255A}.Release|x86.Build.0 = Release|Win32
		{6C34DC92-6CA4-43DF-9FCA-AB696B202277}.Debug|x64.ActiveCfg = Debug|x64
		{6C34DC92-6CA4-43DF-9FCA-AB696B202277}.Debug|x64.Build.0 = Debug|x64
		{6C34DC92-6CA4-43DF-9FCA-AB696B202277}.Debug|x86.ActiveCfg = Debug|Win32
		{6C34DC92-6CA4-43DF-9FCA-AB696B202277}.Debug|x86.Build.0 = Debug|Win32
		{6C34DC92-6CA4-43DF-9FCA-AB696B202277}.Release|x64.ActiveCfg = Release|x64
		{6C34DC92-6CA4-43DF-9FCA-AB696B202277}.Release|x64.Build.0 = Release|x64
		{6C34DC92-6CA4-43DF-9FCA-AB696B202277}.Release|x86.ActiveCfg = Release|Win32
		{6C34DC92-6CA4-43DF-9FCA-AB696B202277}.Release|x86.Build.0 = Release|Win32
		{C29F941A-1EDC-4B95-8FD5-26206BFD1A11}.Debug|x64.ActiveCfg = Debug|x64
		{C29F941A-1EDC-4B95-8FD5-26206BFD1A11}.Debug|x64.Build.0 = Debug|x64
		{C29F941A-1EDC-4B95-8FD5-26206BFD1A11}.Debug|x86.ActiveCfg = Debug|Win32
		{C29F941A-1EDC-4B95-8FD5-26206BFD1A11}.Debug|x86.Build.0 = Debug|Win32
		{C29F941A-1EDC-4B95-8FD5-26206BFD1A11}.Release|x64.ActiveCfg = Release|x64
		{C29F941A-1EDC-4B95-8FD5-26206BFD1A11}.Release|x64.Build.0 = Release|x64
		{C29F941A-1EDC-4B95-8FD5-26206BFD1A11}.Release|x86.ActiveCfg = Release|Win32
		{C29F941A-1EDC-4B95-8FD5-26206BFD1A11}.Release|x86.Build.0 = Release|Win32
		{7696D1E3-0815-4CD5-A3FF-A0C78B32A36A}.Debug|x64.ActiveCfg = Debug|x64
		{7696D1E3-0815-4CD5-A3FF-A0C78B32A36A}.Debug|x64.Build.0 = Debug|x64
		{7696D1E3-0815-4CD5-A3FF-A0C78B32A36A}.Debug|x86.ActiveCfg = Debug|Win32
		{7696D1E3-0815-4CD5-A3FF-A0C78B32A36A}.Debug|x86.Build.0 = Debug|Win32
		{7696D1E3-0815-4CD5-A3FF-A0C78B32A36A}.Release|x64.ActiveCfg = Release|x64
		{7696D1E3-0815-4CD5-A3FF-A0C78B32A36A}.Release|x64.Build.0 = Release|x64
		{7696D1E3-0815-4CD5-A3FF-A0C78B32A36A}.Release|x86.ActiveCfg = Release|Win32
		{7696D1E3-0815-4CD5-A3FF-A0C78B32A36A}.Release|x86.Build.0 = Release|Win32
		{055D9DD5-707E-4D7D-AFBC-DF65111E99D4}.Debug|x64.ActiveCfg = Debug|x64
		{055D9DD5-707E-4D7D-AFBC-DF65111E99D4}.Debug|x64.Build.0 = Debug|x64
		{055D9DD5-707E-4D7D-AFBC-DF65111E99D4}.Debug|x86.ActiveCfg = Debug|Win32
		{055D9DD5-707E-4D7D-AFBC-DF65111E99D4}.Debug|x86.Build.0 = Debug|Win32
		{055D9DD5-707E-4D7D-AFBC-DF65111E99D4}.Release|x64.ActiveCfg = Release|x64
		{055D9DD5-707E-4D7D-AFBC-DF65111E99D4}.Release|x64.Build.0 = Release|x64
		{055D9DD5-707E-4D7D-AFBC-DF65111E99D4}.Release|x86.ActiveCfg = Release|Win32
		{055D9DD5-707E-4D7D-AFBC-DF65111E99D4}.Release|x86.Build.0 = Release|Win32
		{8A772A60-B7F7-4C50-9C19-42FCFF29B090}.Debug|x64.ActiveCfg = Debug|x64
		{8A772A60-B7F7-4C50-9C19-42FCFF29B090}.Debug|x64.Build.0 = Debug|x64
		{8A772A60-B7F7-4C50-9C19-42FCFF29B090}.Debug|x86.ActiveCfg = Debug|Win32
		{8A772A60-B7F7-4C50-9C19-42FCFF29B090}.Debug|x86.Build.0 = Debug|Win32
		{8A772A60-B7F7-4C50-9C19-42FCFF29B090}.Release|x64.ActiveCfg = Release|x64
		{8A772A60-B7F7-4C50-9C19-42FCFF29B090}.Release|x64.Build.0 = Release|x64
		{8A772A60-B7F7-4C50-9C19-42FCFF29B090}.Release|x86.ActiveCfg = Release|Win32
		{8A772A60-B7F7-4C50-9C19-42FCFF29B090}.Release|x86.Build.0 = Release|Win32
		{0C34E533-3BE6-4AFB-8B5A-67712184DA64}.Debug|x64.ActiveCfg = Debug|x64
		{0C34E533-3BE6-4AFB-8B5A-67712184DA64}.Debug|x64.Build.0 = Debug|x64
		{0C34E533-3BE6-4AFB-8B5A-67712184DA64}.Debug|x86.ActiveCfg = Debug|Win32
		{0C34E533-3BE6-4AFB-8B5A-67712184DA64}.Debug|x86.Build.0 = Debug|Win32
		{0C34E533-3BE6-4AFB-8B5A-67712184DA64}.Release|x64.ActiveCfg = Release|x64
		{0C34E533-3BE6-4AFB-8B5A-67712184DA64}.Release|x64.Build.0 = Release|x64
		{0C34E533-3BE6-4AFB-8B5A-67712184DA64}.Release|x86.ActiveCfg = Release|Win32
		{0C34E533-3BE6-4AFB-8B5A-67712184DA64}.Release|x86.Build.0 = Release|Win32
		{AE7CD40D-4B5E-4338-9F8A-AE129921F014}.Debug|x64.ActiveCfg = Debug|x64
		{AE7CD40D-4B5E-4338-9F8A-AE129921F014}.Debug|x64.Build.0 = Debug|x64
		{AE7CD40D-4B5E-4338-9F8A-AE129921F014}.Debug|x86.ActiveCfg = Debug|Win32
		{AE7CD40D-4B5E-4338-9F8A-AE129921F014}.Debug|x86.Build.0 = Debug|Win32
		{AE7CD40D-4B5E-4338-9F8A-AE129921F014}.Release|x64.ActiveCfg = Release|x64
		{AE7CD40D-4B5E-4338-9F8A-AE129921F014}.Release|x64.Build.0 = Release|x64
		{AE7CD40D-4B5E-4338-9F8A-AE129921F014}.Release|x86.ActiveCfg = Release|Win32
		{AE7CD40D-4B5E-4338-9F8A-AE129921F014}.Release|x86.Build.0 = Release|Win32
		{69EF6314-DBBF-4144-836B-F72EC55B892C}.Debug|x64.ActiveCfg = Debug|x64
		{69EF6314-DBBF-4144-836B-F72EC55B892C}.Debug|x64.Build.0 = Debug|x64
		{69EF6314-DBBF-4144-836B-F72EC55B892C}.Debug|x86.ActiveCfg = Debug|Win32
		{69EF6314-DBBF-4144-836B-F72EC55B892C}.Debug|x86.Build.0 = Debug|Win32
		{69EF6314-DBBF-4144-836B-F72EC55B892C}.Release|x64.ActiveCfg = Release|x64
		{69EF6314-DBBF-4144-836B-F72EC55B892C}.Release|x64.Build.0 = Release|x64
		{69EF6314-DBBF-4144-836B-F72EC55B892C}.Release|x86.ActiveCfg = Release|Win32
		{69EF6314-DBBF-4144-836B-F72EC55B892C}.Release|x86.Build.0 = Release|Win32
	EndGlobalSection
	GlobalSection(SolutionProperties) = preSolution
		HideSolutionNode = FALSE
	EndGlobalSection
	GlobalSection(ExtensibilityGlobals) = postSolution
		SolutionGuid = {AE1759B0-C4C9-42CB-AF53-467E3CCF7BA7}
	EndGlobalSection
EndGlobal
